
Microsoft Visual Studio Solution File, Format Version 12.00
# Visual Studio 14
VisualStudioVersion = 14.0.25420.1
MinimumVisualStudioVersion = 10.0.40219.1
Project("{2150E333-8FDC-42A3-9474-1A3956D46DE8}") = "MEF", "MEF", "{CF678E67-AD7D-4D33-A38B-68712C3EEED0}"
EndProject
Project("{FAE04EC0-301F-11D3-BF4B-00C04F79EFBC}") = "MEF", "MEF\MEF.csproj", "{5D716DF5-5EFC-4AD6-9F68-AAC7B1913F21}"
EndProject
Project("{2150E333-8FDC-42A3-9474-1A3956D46DE8}") = "EFCodeFirst", "EFCodeFirst", "{A99F80B3-5830-4FC6-85B0-1E978541175A}"
EndProject
Project("{FAE04EC0-301F-11D3-BF4B-00C04F79EFBC}") = "EF.Core", "EF.Core\EF.Core.csproj", "{4B087411-E405-4944-81D2-446516570ED6}"
EndProject
Project("{FAE04EC0-301F-11D3-BF4B-00C04F79EFBC}") = "EF.Data", "EF.Data\EF.Data.csproj", "{15E3468F-BFD5-4439-8514-3E17530E265A}"
EndProject
Project("{FAE04EC0-301F-11D3-BF4B-00C04F79EFBC}") = "EF.Test", "EF.Test\EF.Test.csproj", "{2525A6E1-6C10-4AF4-8362-D45C5C6C6530}"
EndProject
Project("{2150E333-8FDC-42A3-9474-1A3956D46DE8}") = "MVC5EF", "MVC5EF", "{1C1891C5-3DD6-4576-B9EE-8CFE08386A1D}"
EndProject
Project("{FAE04EC0-301F-11D3-BF4B-00C04F79EFBC}") = "MVCDemo", "MVCDemo\MVCDemo.csproj", "{6402AFC6-DD86-4B87-990B-F6BA34099A47}"
EndProject
Global
	GlobalSection(SolutionConfigurationPlatforms) = preSolution
		Debug|Any CPU = Debug|Any CPU
		Release|Any CPU = Release|Any CPU
	EndGlobalSection
	GlobalSection(ProjectConfigurationPlatforms) = postSolution
		{5D716DF5-5EFC-4AD6-9F68-AAC7B1913F21}.Debug|Any CPU.ActiveCfg = Debug|Any CPU
		{5D716DF5-5EFC-4AD6-9F68-AAC7B1913F21}.Debug|Any CPU.Build.0 = Debug|Any CPU
		{5D716DF5-5EFC-4AD6-9F68-AAC7B1913F21}.Release|Any CPU.ActiveCfg = Release|Any CPU
		{5D716DF5-5EFC-4AD6-9F68-AAC7B1913F21}.Release|Any CPU.Build.0 = Release|Any CPU
		{4B087411-E405-4944-81D2-446516570ED6}.Debug|Any CPU.ActiveCfg = Debug|Any CPU
		{4B087411-E405-4944-81D2-446516570ED6}.Debug|Any CPU.Build.0 = Debug|Any CPU
		{4B087411-E405-4944-81D2-446516570ED6}.Release|Any CPU.ActiveCfg = Release|Any CPU
		{4B087411-E405-4944-81D2-446516570ED6}.Release|Any CPU.Build.0 = Release|Any CPU
		{15E3468F-BFD5-4439-8514-3E17530E265A}.Debug|Any CPU.ActiveCfg = Debug|Any CPU
		{15E3468F-BFD5-4439-8514-3E17530E265A}.Debug|Any CPU.Build.0 = Debug|Any CPU
		{15E3468F-BFD5-4439-8514-3E17530E265A}.Release|Any CPU.ActiveCfg = Release|Any CPU
		{15E3468F-BFD5-4439-8514-3E17530E265A}.Release|Any CPU.Build.0 = Release|Any CPU
		{2525A6E1-6C10-4AF4-8362-D45C5C6C6530}.Debug|Any CPU.ActiveCfg = Debug|Any CPU
		{2525A6E1-6C10-4AF4-8362-D45C5C6C6530}.Debug|Any CPU.Build.0 = Debug|Any CPU
		{2525A6E1-6C10-4AF4-8362-D45C5C6C6530}.Release|Any CPU.ActiveCfg = Release|Any CPU
		{2525A6E1-6C10-4AF4-8362-D45C5C6C6530}.Release|Any CPU.Build.0 = Release|Any CPU
		{6402AFC6-DD86-4B87-990B-F6BA34099A47}.Debug|Any CPU.ActiveCfg = Debug|Any CPU
		{6402AFC6-DD86-4B87-990B-F6BA34099A47}.Debug|Any CPU.Build.0 = Debug|Any CPU
		{6402AFC6-DD86-4B87-990B-F6BA34099A47}.Release|Any CPU.ActiveCfg = Release|Any CPU
		{6402AFC6-DD86-4B87-990B-F6BA34099A47}.Release|Any CPU.Build.0 = Release|Any CPU
	EndGlobalSection
	GlobalSection(SolutionProperties) = preSolution
		HideSolutionNode = FALSE
	EndGlobalSection
	GlobalSection(NestedProjects) = preSolution
		{5D716DF5-5EFC-4AD6-9F68-AAC7B1913F21} = {CF678E67-AD7D-4D33-A38B-68712C3EEED0}
		{4B087411-E405-4944-81D2-446516570ED6} = {A99F80B3-5830-4FC6-85B0-1E978541175A}
		{15E3468F-BFD5-4439-8514-3E17530E265A} = {A99F80B3-5830-4FC6-85B0-1E978541175A}
		{2525A6E1-6C10-4AF4-8362-D45C5C6C6530} = {A99F80B3-5830-4FC6-85B0-1E978541175A}
		{6402AFC6-DD86-4B87-990B-F6BA34099A47} = {1C1891C5-3DD6-4576-B9EE-8CFE08386A1D}
	EndGlobalSection
EndGlobal
