
Microsoft Visual Studio Solution File, Format Version 12.00
# Visual Studio 14
VisualStudioVersion = 14.0.25420.1
MinimumVisualStudioVersion = 10.0.40219.1
Project("{2150E333-8FDC-42A3-9474-1A3956D46DE8}") = "MEF", "MEF", "{CF678E67-AD7D-4D33-A38B-68712C3EEED0}"
EndProject
Project("{FAE04EC0-301F-11D3-BF4B-00C04F79EFBC}") = "MEF", "MEF\MEF.csproj", "{5D716DF5-5EFC-4AD6-9F68-AAC7B1913F21}"
EndProject
Project("{2150E333-8FDC-42A3-9474-1A3956D46DE8}") = "EFCodeFirst", "EFCodeFirst", "{A99F80B3-5830-4FC6-85B0-1E978541175A}"
EndProject
Project("{FAE04EC0-301F-11D3-BF4B-00C04F79EFBC}") = "EF.Core", "EF.Core\EF.Core.csproj", "{4B087411-E405-4944-81D2-446516570ED6}"
EndProject
Project("{FAE04EC0-301F-11D3-BF4B-00C04F79EFBC}") = "EF.Data", "EF.Data\EF.Data.csproj", "{15E3468F-BFD5-4439-8514-3E17530E265A}"
EndProject
Project("{FAE04EC0-301F-11D3-BF4B-00C04F79EFBC}") = "EF.Test", "EF.Test\EF.Test.csproj", "{2525A6E1-6C10-4AF4-8362-D45C5C6C6530}"
EndProject
Project("{2150E333-8FDC-42A3-9474-1A3956D46DE8}") = "MVC5EF", "MVC5EF", "{1C1891C5-3DD6-4576-B9EE-8CFE08386A1D}"
EndProject
Project("{FAE04EC0-301F-11D3-BF4B-00C04F79EFBC}") = "MVCDemo", "MVCDemo\MVCDemo.csproj", "{6402AFC6-DD86-4B87-990B-F6BA34099A47}"
EndProject
Project("{FAE04EC0-301F-11D3-BF4B-00C04F79EFBC}") = "XEngine", "XEngine\XEngine.csproj", "{98C17C20-D4FE-4298-BC31-7411C5E31308}"
EndProject
Project("{FAE04EC0-301F-11D3-BF4B-00C04F79EFBC}") = "ConsoleProject", "ConsoleProject\ConsoleProject.csproj", "{DE32268A-71FC-4E08-95A5-4E9AEBA5ABF5}"
EndProject
Project("{2150E333-8FDC-42A3-9474-1A3956D46DE8}") = "DesignPattern", "DesignPattern", "{C2BF224B-43D3-4A62-8BA8-9D5575A500A2}"
EndProject
Project("{2150E333-8FDC-42A3-9474-1A3956D46DE8}") = "05-Prototype（原型模式）", "05-Prototype（原型模式）", "{B596FEDD-B557-4402-97DD-E1C350D6FD0B}"
EndProject
Project("{FAE04EC0-301F-11D3-BF4B-00C04F79EFBC}") = "Prototype", "Prototype\Prototype.csproj", "{B89E6E17-A53B-424D-A6AB-15610FD37704}"
EndProject
Project("{2150E333-8FDC-42A3-9474-1A3956D46DE8}") = "Dapper", "Dapper", "{9A1D9323-C943-4FC1-836E-7390AC20645E}"
EndProject
Project("{FAE04EC0-301F-11D3-BF4B-00C04F79EFBC}") = "DapperDemo", "DapperDemo\DapperDemo.csproj", "{351F7DCB-FF2E-4AC7-AAD3-9C06590C79EB}"
EndProject
Project("{FAE04EC0-301F-11D3-BF4B-00C04F79EFBC}") = "Z.Dapper.Examples", "Dapper.Examples\Z.Dapper.Examples.csproj", "{335C36F5-275F-479F-9816-4738177E504A}"
EndProject
Project("{2150E333-8FDC-42A3-9474-1A3956D46DE8}") = "07-Bridge（桥接模式）", "07-Bridge（桥接模式）", "{E2AE7F9B-E5FD-4B28-8842-D37AF4D277A9}"
EndProject
Project("{FAE04EC0-301F-11D3-BF4B-00C04F79EFBC}") = "Bridge", "Bridge\Bridge.csproj", "{490AB5F7-D340-4023-9DBC-0D0FA7AA99F8}"
EndProject
Project("{2150E333-8FDC-42A3-9474-1A3956D46DE8}") = "EmitMapper", "EmitMapper", "{BEAC9611-3818-431A-A5CF-86AC9C86066F}"
EndProject
Project("{FAE04EC0-301F-11D3-BF4B-00C04F79EFBC}") = "EmitMapperDemo", "EmitMapperDemo\EmitMapperDemo.csproj", "{5EE07E1A-411D-4333-BB97-AAA22461BFD0}"
EndProject
Project("{2150E333-8FDC-42A3-9474-1A3956D46DE8}") = "03-AbstractFactory（抽象工厂）", "03-AbstractFactory（抽象工厂）", "{8C6466D1-4705-4BA5-9968-D960B1683C39}"
EndProject
Project("{FAE04EC0-301F-11D3-BF4B-00C04F79EFBC}") = "AbstractFactory", "AbstractFactory\AbstractFactory.csproj", "{E459A9E5-3BE7-4F02-B048-3A1DEF312FE5}"
EndProject
Project("{2150E333-8FDC-42A3-9474-1A3956D46DE8}") = "结构型设计模式", "结构型设计模式", "{2331BA76-D7B8-47AA-89B9-3B99E3F0E395}"
EndProject
Project("{2150E333-8FDC-42A3-9474-1A3956D46DE8}") = "创建型设计模式", "创建型设计模式", "{F88A5D1A-7BD0-4DD2-BFE4-49E7D7283237}"
EndProject
Project("{2150E333-8FDC-42A3-9474-1A3956D46DE8}") = "行为型设计模式", "行为型设计模式", "{61168160-C746-4C6C-9F2D-DCAD02E3005B}"
EndProject
Project("{2150E333-8FDC-42A3-9474-1A3956D46DE8}") = "04-Builder（建造者模式）", "04-Builder（建造者模式）", "{D5E4F057-504E-4949-9A83-6D8528D0B9A2}"
EndProject
Project("{FAE04EC0-301F-11D3-BF4B-00C04F79EFBC}") = "Builder", "Builder\Builder.csproj", "{16BCFA10-5530-46F1-9F03-FEFE8993153F}"
EndProject
Project("{2150E333-8FDC-42A3-9474-1A3956D46DE8}") = "08-Composite（组合模式）", "08-Composite（组合模式）", "{ADDBBA7A-7D03-4638-8F20-CC7E63CA0637}"
EndProject
Project("{FAE04EC0-301F-11D3-BF4B-00C04F79EFBC}") = "Composite", "Composite\Composite.csproj", "{7763C797-AA1F-4DCE-9AD1-E82240C8540A}"
EndProject
Project("{2150E333-8FDC-42A3-9474-1A3956D46DE8}") = "09-Decorator（装饰者模式）", "09-Decorator（装饰者模式）", "{E4410D1D-FE57-40A2-AD38-73FB97AA66D9}"
EndProject
Project("{FAE04EC0-301F-11D3-BF4B-00C04F79EFBC}") = "Decorator", "Decorator\Decorator.csproj", "{5F1A2DE5-735A-4A84-9DD9-BBEBAD1BDF31}"
EndProject
Project("{2150E333-8FDC-42A3-9474-1A3956D46DE8}") = "10-Facade（外观模式）", "10-Facade（外观模式）", "{764EB424-C598-4DC7-B844-726322819D13}"
EndProject
Project("{FAE04EC0-301F-11D3-BF4B-00C04F79EFBC}") = "Facade", "Facade\Facade.csproj", "{4B37B8CF-12D7-40E2-9815-B596DD9DBFE0}"
EndProject
Project("{2150E333-8FDC-42A3-9474-1A3956D46DE8}") = "11-Flyweight（享元模式）", "11-Flyweight（享元模式）", "{D5BAC15D-CA8E-487E-B894-A98CD5D9FBD6}"
EndProject
Project("{FAE04EC0-301F-11D3-BF4B-00C04F79EFBC}") = "Flyweight", "Flyweight\Flyweight.csproj", "{BE313CA8-EA8D-42E0-9970-0B0CF2548B82}"
EndProject
Project("{2150E333-8FDC-42A3-9474-1A3956D46DE8}") = "12-Proxy（代理模式）", "12-Proxy（代理模式）", "{7C2DD3CA-CDAB-4AFE-8A69-D0DA09C28964}"
EndProject
Project("{FAE04EC0-301F-11D3-BF4B-00C04F79EFBC}") = "Proxy", "Proxy\Proxy.csproj", "{C2236C2E-56F6-42F5-A2BE-A5A217C9726D}"
EndProject
Project("{2150E333-8FDC-42A3-9474-1A3956D46DE8}") = "06-Adapter（适配器）", "06-Adapter（适配器）", "{2B2F76B1-2CA6-4FD4-9029-9A9A2DD87692}"
EndProject
Project("{2150E333-8FDC-42A3-9474-1A3956D46DE8}") = "13-ChainOfResponsibility（职责链模式）", "13-ChainOfResponsibility（职责链模式）", "{EAE8390E-AE7A-44EA-A897-5555AA11EC17}"
EndProject
Project("{FAE04EC0-301F-11D3-BF4B-00C04F79EFBC}") = "ChainOfResponsibility", "ChainOfResponsibility\ChainOfResponsibility.csproj", "{13B2E89D-AD83-4457-B0E6-769847FE5282}"
EndProject
Global
	GlobalSection(SolutionConfigurationPlatforms) = preSolution
		Debug|Any CPU = Debug|Any CPU
		Release|Any CPU = Release|Any CPU
	EndGlobalSection
	GlobalSection(ProjectConfigurationPlatforms) = postSolution
		{5D716DF5-5EFC-4AD6-9F68-AAC7B1913F21}.Debug|Any CPU.ActiveCfg = Debug|Any CPU
		{5D716DF5-5EFC-4AD6-9F68-AAC7B1913F21}.Debug|Any CPU.Build.0 = Debug|Any CPU
		{5D716DF5-5EFC-4AD6-9F68-AAC7B1913F21}.Release|Any CPU.ActiveCfg = Release|Any CPU
		{5D716DF5-5EFC-4AD6-9F68-AAC7B1913F21}.Release|Any CPU.Build.0 = Release|Any CPU
		{4B087411-E405-4944-81D2-446516570ED6}.Debug|Any CPU.ActiveCfg = Debug|Any CPU
		{4B087411-E405-4944-81D2-446516570ED6}.Debug|Any CPU.Build.0 = Debug|Any CPU
		{4B087411-E405-4944-81D2-446516570ED6}.Release|Any CPU.ActiveCfg = Release|Any CPU
		{4B087411-E405-4944-81D2-446516570ED6}.Release|Any CPU.Build.0 = Release|Any CPU
		{15E3468F-BFD5-4439-8514-3E17530E265A}.Debug|Any CPU.ActiveCfg = Debug|Any CPU
		{15E3468F-BFD5-4439-8514-3E17530E265A}.Debug|Any CPU.Build.0 = Debug|Any CPU
		{15E3468F-BFD5-4439-8514-3E17530E265A}.Release|Any CPU.ActiveCfg = Release|Any CPU
		{15E3468F-BFD5-4439-8514-3E17530E265A}.Release|Any CPU.Build.0 = Release|Any CPU
		{2525A6E1-6C10-4AF4-8362-D45C5C6C6530}.Debug|Any CPU.ActiveCfg = Debug|Any CPU
		{2525A6E1-6C10-4AF4-8362-D45C5C6C6530}.Debug|Any CPU.Build.0 = Debug|Any CPU
		{2525A6E1-6C10-4AF4-8362-D45C5C6C6530}.Release|Any CPU.ActiveCfg = Release|Any CPU
		{2525A6E1-6C10-4AF4-8362-D45C5C6C6530}.Release|Any CPU.Build.0 = Release|Any CPU
		{6402AFC6-DD86-4B87-990B-F6BA34099A47}.Debug|Any CPU.ActiveCfg = Debug|Any CPU
		{6402AFC6-DD86-4B87-990B-F6BA34099A47}.Debug|Any CPU.Build.0 = Debug|Any CPU
		{6402AFC6-DD86-4B87-990B-F6BA34099A47}.Release|Any CPU.ActiveCfg = Release|Any CPU
		{6402AFC6-DD86-4B87-990B-F6BA34099A47}.Release|Any CPU.Build.0 = Release|Any CPU
		{98C17C20-D4FE-4298-BC31-7411C5E31308}.Debug|Any CPU.ActiveCfg = Debug|Any CPU
		{98C17C20-D4FE-4298-BC31-7411C5E31308}.Debug|Any CPU.Build.0 = Debug|Any CPU
		{98C17C20-D4FE-4298-BC31-7411C5E31308}.Release|Any CPU.ActiveCfg = Release|Any CPU
		{98C17C20-D4FE-4298-BC31-7411C5E31308}.Release|Any CPU.Build.0 = Release|Any CPU
		{DE32268A-71FC-4E08-95A5-4E9AEBA5ABF5}.Debug|Any CPU.ActiveCfg = Debug|Any CPU
		{DE32268A-71FC-4E08-95A5-4E9AEBA5ABF5}.Debug|Any CPU.Build.0 = Debug|Any CPU
		{DE32268A-71FC-4E08-95A5-4E9AEBA5ABF5}.Release|Any CPU.ActiveCfg = Release|Any CPU
		{DE32268A-71FC-4E08-95A5-4E9AEBA5ABF5}.Release|Any CPU.Build.0 = Release|Any CPU
		{B89E6E17-A53B-424D-A6AB-15610FD37704}.Debug|Any CPU.ActiveCfg = Debug|Any CPU
		{B89E6E17-A53B-424D-A6AB-15610FD37704}.Debug|Any CPU.Build.0 = Debug|Any CPU
		{B89E6E17-A53B-424D-A6AB-15610FD37704}.Release|Any CPU.ActiveCfg = Release|Any CPU
		{B89E6E17-A53B-424D-A6AB-15610FD37704}.Release|Any CPU.Build.0 = Release|Any CPU
		{351F7DCB-FF2E-4AC7-AAD3-9C06590C79EB}.Debug|Any CPU.ActiveCfg = Debug|Any CPU
		{351F7DCB-FF2E-4AC7-AAD3-9C06590C79EB}.Debug|Any CPU.Build.0 = Debug|Any CPU
		{351F7DCB-FF2E-4AC7-AAD3-9C06590C79EB}.Release|Any CPU.ActiveCfg = Release|Any CPU
		{351F7DCB-FF2E-4AC7-AAD3-9C06590C79EB}.Release|Any CPU.Build.0 = Release|Any CPU
		{335C36F5-275F-479F-9816-4738177E504A}.Debug|Any CPU.ActiveCfg = Debug|Any CPU
		{335C36F5-275F-479F-9816-4738177E504A}.Debug|Any CPU.Build.0 = Debug|Any CPU
		{335C36F5-275F-479F-9816-4738177E504A}.Release|Any CPU.ActiveCfg = Release|Any CPU
		{335C36F5-275F-479F-9816-4738177E504A}.Release|Any CPU.Build.0 = Release|Any CPU
		{490AB5F7-D340-4023-9DBC-0D0FA7AA99F8}.Debug|Any CPU.ActiveCfg = Debug|Any CPU
		{490AB5F7-D340-4023-9DBC-0D0FA7AA99F8}.Debug|Any CPU.Build.0 = Debug|Any CPU
		{490AB5F7-D340-4023-9DBC-0D0FA7AA99F8}.Release|Any CPU.ActiveCfg = Release|Any CPU
		{490AB5F7-D340-4023-9DBC-0D0FA7AA99F8}.Release|Any CPU.Build.0 = Release|Any CPU
		{5EE07E1A-411D-4333-BB97-AAA22461BFD0}.Debug|Any CPU.ActiveCfg = Debug|Any CPU
		{5EE07E1A-411D-4333-BB97-AAA22461BFD0}.Debug|Any CPU.Build.0 = Debug|Any CPU
		{5EE07E1A-411D-4333-BB97-AAA22461BFD0}.Release|Any CPU.ActiveCfg = Release|Any CPU
		{5EE07E1A-411D-4333-BB97-AAA22461BFD0}.Release|Any CPU.Build.0 = Release|Any CPU
		{E459A9E5-3BE7-4F02-B048-3A1DEF312FE5}.Debug|Any CPU.ActiveCfg = Debug|Any CPU
		{E459A9E5-3BE7-4F02-B048-3A1DEF312FE5}.Debug|Any CPU.Build.0 = Debug|Any CPU
		{E459A9E5-3BE7-4F02-B048-3A1DEF312FE5}.Release|Any CPU.ActiveCfg = Release|Any CPU
		{E459A9E5-3BE7-4F02-B048-3A1DEF312FE5}.Release|Any CPU.Build.0 = Release|Any CPU
		{16BCFA10-5530-46F1-9F03-FEFE8993153F}.Debug|Any CPU.ActiveCfg = Debug|Any CPU
		{16BCFA10-5530-46F1-9F03-FEFE8993153F}.Debug|Any CPU.Build.0 = Debug|Any CPU
		{16BCFA10-5530-46F1-9F03-FEFE8993153F}.Release|Any CPU.ActiveCfg = Release|Any CPU
		{16BCFA10-5530-46F1-9F03-FEFE8993153F}.Release|Any CPU.Build.0 = Release|Any CPU
		{7763C797-AA1F-4DCE-9AD1-E82240C8540A}.Debug|Any CPU.ActiveCfg = Debug|Any CPU
		{7763C797-AA1F-4DCE-9AD1-E82240C8540A}.Debug|Any CPU.Build.0 = Debug|Any CPU
		{7763C797-AA1F-4DCE-9AD1-E82240C8540A}.Release|Any CPU.ActiveCfg = Release|Any CPU
		{7763C797-AA1F-4DCE-9AD1-E82240C8540A}.Release|Any CPU.Build.0 = Release|Any CPU
		{5F1A2DE5-735A-4A84-9DD9-BBEBAD1BDF31}.Debug|Any CPU.ActiveCfg = Debug|Any CPU
		{5F1A2DE5-735A-4A84-9DD9-BBEBAD1BDF31}.Debug|Any CPU.Build.0 = Debug|Any CPU
		{5F1A2DE5-735A-4A84-9DD9-BBEBAD1BDF31}.Release|Any CPU.ActiveCfg = Release|Any CPU
		{5F1A2DE5-735A-4A84-9DD9-BBEBAD1BDF31}.Release|Any CPU.Build.0 = Release|Any CPU
		{4B37B8CF-12D7-40E2-9815-B596DD9DBFE0}.Debug|Any CPU.ActiveCfg = Debug|Any CPU
		{4B37B8CF-12D7-40E2-9815-B596DD9DBFE0}.Debug|Any CPU.Build.0 = Debug|Any CPU
		{4B37B8CF-12D7-40E2-9815-B596DD9DBFE0}.Release|Any CPU.ActiveCfg = Release|Any CPU
		{4B37B8CF-12D7-40E2-9815-B596DD9DBFE0}.Release|Any CPU.Build.0 = Release|Any CPU
		{BE313CA8-EA8D-42E0-9970-0B0CF2548B82}.Debug|Any CPU.ActiveCfg = Debug|Any CPU
		{BE313CA8-EA8D-42E0-9970-0B0CF2548B82}.Debug|Any CPU.Build.0 = Debug|Any CPU
		{BE313CA8-EA8D-42E0-9970-0B0CF2548B82}.Release|Any CPU.ActiveCfg = Release|Any CPU
		{BE313CA8-EA8D-42E0-9970-0B0CF2548B82}.Release|Any CPU.Build.0 = Release|Any CPU
		{C2236C2E-56F6-42F5-A2BE-A5A217C9726D}.Debug|Any CPU.ActiveCfg = Debug|Any CPU
		{C2236C2E-56F6-42F5-A2BE-A5A217C9726D}.Debug|Any CPU.Build.0 = Debug|Any CPU
		{C2236C2E-56F6-42F5-A2BE-A5A217C9726D}.Release|Any CPU.ActiveCfg = Release|Any CPU
		{C2236C2E-56F6-42F5-A2BE-A5A217C9726D}.Release|Any CPU.Build.0 = Release|Any CPU
		{13B2E89D-AD83-4457-B0E6-769847FE5282}.Debug|Any CPU.ActiveCfg = Debug|Any CPU
		{13B2E89D-AD83-4457-B0E6-769847FE5282}.Debug|Any CPU.Build.0 = Debug|Any CPU
		{13B2E89D-AD83-4457-B0E6-769847FE5282}.Release|Any CPU.ActiveCfg = Release|Any CPU
		{13B2E89D-AD83-4457-B0E6-769847FE5282}.Release|Any CPU.Build.0 = Release|Any CPU
	EndGlobalSection
	GlobalSection(SolutionProperties) = preSolution
		HideSolutionNode = FALSE
	EndGlobalSection
	GlobalSection(NestedProjects) = preSolution
		{5D716DF5-5EFC-4AD6-9F68-AAC7B1913F21} = {CF678E67-AD7D-4D33-A38B-68712C3EEED0}
		{4B087411-E405-4944-81D2-446516570ED6} = {A99F80B3-5830-4FC6-85B0-1E978541175A}
		{15E3468F-BFD5-4439-8514-3E17530E265A} = {A99F80B3-5830-4FC6-85B0-1E978541175A}
		{2525A6E1-6C10-4AF4-8362-D45C5C6C6530} = {A99F80B3-5830-4FC6-85B0-1E978541175A}
		{6402AFC6-DD86-4B87-990B-F6BA34099A47} = {1C1891C5-3DD6-4576-B9EE-8CFE08386A1D}
		{98C17C20-D4FE-4298-BC31-7411C5E31308} = {1C1891C5-3DD6-4576-B9EE-8CFE08386A1D}
		{DE32268A-71FC-4E08-95A5-4E9AEBA5ABF5} = {1C1891C5-3DD6-4576-B9EE-8CFE08386A1D}
		{B596FEDD-B557-4402-97DD-E1C350D6FD0B} = {F88A5D1A-7BD0-4DD2-BFE4-49E7D7283237}
		{B89E6E17-A53B-424D-A6AB-15610FD37704} = {B596FEDD-B557-4402-97DD-E1C350D6FD0B}
		{351F7DCB-FF2E-4AC7-AAD3-9C06590C79EB} = {9A1D9323-C943-4FC1-836E-7390AC20645E}
		{335C36F5-275F-479F-9816-4738177E504A} = {9A1D9323-C943-4FC1-836E-7390AC20645E}
		{E2AE7F9B-E5FD-4B28-8842-D37AF4D277A9} = {2331BA76-D7B8-47AA-89B9-3B99E3F0E395}
		{490AB5F7-D340-4023-9DBC-0D0FA7AA99F8} = {E2AE7F9B-E5FD-4B28-8842-D37AF4D277A9}
		{5EE07E1A-411D-4333-BB97-AAA22461BFD0} = {BEAC9611-3818-431A-A5CF-86AC9C86066F}
		{8C6466D1-4705-4BA5-9968-D960B1683C39} = {F88A5D1A-7BD0-4DD2-BFE4-49E7D7283237}
		{E459A9E5-3BE7-4F02-B048-3A1DEF312FE5} = {8C6466D1-4705-4BA5-9968-D960B1683C39}
		{2331BA76-D7B8-47AA-89B9-3B99E3F0E395} = {C2BF224B-43D3-4A62-8BA8-9D5575A500A2}
		{F88A5D1A-7BD0-4DD2-BFE4-49E7D7283237} = {C2BF224B-43D3-4A62-8BA8-9D5575A500A2}
		{61168160-C746-4C6C-9F2D-DCAD02E3005B} = {C2BF224B-43D3-4A62-8BA8-9D5575A500A2}
		{D5E4F057-504E-4949-9A83-6D8528D0B9A2} = {F88A5D1A-7BD0-4DD2-BFE4-49E7D7283237}
		{16BCFA10-5530-46F1-9F03-FEFE8993153F} = {D5E4F057-504E-4949-9A83-6D8528D0B9A2}
		{ADDBBA7A-7D03-4638-8F20-CC7E63CA0637} = {2331BA76-D7B8-47AA-89B9-3B99E3F0E395}
		{7763C797-AA1F-4DCE-9AD1-E82240C8540A} = {ADDBBA7A-7D03-4638-8F20-CC7E63CA0637}
		{E4410D1D-FE57-40A2-AD38-73FB97AA66D9} = {2331BA76-D7B8-47AA-89B9-3B99E3F0E395}
		{5F1A2DE5-735A-4A84-9DD9-BBEBAD1BDF31} = {E4410D1D-FE57-40A2-AD38-73FB97AA66D9}
		{764EB424-C598-4DC7-B844-726322819D13} = {2331BA76-D7B8-47AA-89B9-3B99E3F0E395}
		{4B37B8CF-12D7-40E2-9815-B596DD9DBFE0} = {764EB424-C598-4DC7-B844-726322819D13}
		{D5BAC15D-CA8E-487E-B894-A98CD5D9FBD6} = {2331BA76-D7B8-47AA-89B9-3B99E3F0E395}
		{BE313CA8-EA8D-42E0-9970-0B0CF2548B82} = {D5BAC15D-CA8E-487E-B894-A98CD5D9FBD6}
		{7C2DD3CA-CDAB-4AFE-8A69-D0DA09C28964} = {2331BA76-D7B8-47AA-89B9-3B99E3F0E395}
		{C2236C2E-56F6-42F5-A2BE-A5A217C9726D} = {7C2DD3CA-CDAB-4AFE-8A69-D0DA09C28964}
		{2B2F76B1-2CA6-4FD4-9029-9A9A2DD87692} = {2331BA76-D7B8-47AA-89B9-3B99E3F0E395}
		{EAE8390E-AE7A-44EA-A897-5555AA11EC17} = {61168160-C746-4C6C-9F2D-DCAD02E3005B}
		{13B2E89D-AD83-4457-B0E6-769847FE5282} = {EAE8390E-AE7A-44EA-A897-5555AA11EC17}
	EndGlobalSection
EndGlobal
